version = 1
revision = 3
requires-python = ">=3.8"
resolution-markers = [
    "python_full_version >= '3.10'",
    "python_full_version == '3.9.*'",
    "python_full_version < '3.9'",
]

[[package]]
name = "pyobjc-core"
version = "11.1"
source = { registry = "https://pypi.org/simple" }
resolution-markers = [
    "python_full_version == '3.9.*'",
    "python_full_version < '3.9'",
]
sdist = { url = "https://files.pythonhosted.org/packages/e8/e9/0b85c81e2b441267bca707b5d89f56c2f02578ef8f3eafddf0e0c0b8848c/pyobjc_core-11.1.tar.gz", hash = "sha256:b63d4d90c5df7e762f34739b39cc55bc63dbcf9fb2fb3f2671e528488c7a87fe", size = 974602, upload-time = "2025-06-14T20:56:34.189Z" }
wheels = [
    { url = "https://files.pythonhosted.org/packages/a5/c5/9fa74ef6b83924e657c5098d37b36b66d1e16d13bc45c44248c6248e7117/pyobjc_core-11.1-cp310-cp310-macosx_10_9_universal2.whl", hash = "sha256:4c7536f3e94de0a3eae6bb382d75f1219280aa867cdf37beef39d9e7d580173c", size = 676323, upload-time = "2025-06-14T20:44:44.675Z" },
    { url = "https://files.pythonhosted.org/packages/5a/a7/55afc166d89e3fcd87966f48f8bca3305a3a2d7c62100715b9ffa7153a90/pyobjc_core-11.1-cp311-cp311-macosx_10_9_universal2.whl", hash = "sha256:ec36680b5c14e2f73d432b03ba7c1457dc6ca70fa59fd7daea1073f2b4157d33", size = 671075, upload-time = "2025-06-14T20:44:46.594Z" },
    { url = "https://files.pythonhosted.org/packages/c0/09/e83228e878e73bf756749939f906a872da54488f18d75658afa7f1abbab1/pyobjc_core-11.1-cp312-cp312-macosx_10_13_universal2.whl", hash = "sha256:765b97dea6b87ec4612b3212258024d8496ea23517c95a1c5f0735f96b7fd529", size = 677985, upload-time = "2025-06-14T20:44:48.375Z" },
    { url = "https://files.pythonhosted.org/packages/c5/24/12e4e2dae5f85fd0c0b696404ed3374ea6ca398e7db886d4f1322eb30799/pyobjc_core-11.1-cp313-cp313-macosx_10_13_universal2.whl", hash = "sha256:18986f83998fbd5d3f56d8a8428b2f3e0754fd15cef3ef786ca0d29619024f2c", size = 676431, upload-time = "2025-06-14T20:44:49.908Z" },
    { url = "https://files.pythonhosted.org/packages/f7/79/031492497624de4c728f1857181b06ce8c56444db4d49418fa459cba217c/pyobjc_core-11.1-cp313-cp313t-macosx_10_13_universal2.whl", hash = "sha256:8849e78cfe6595c4911fbba29683decfb0bf57a350aed8a43316976ba6f659d2", size = 719330, upload-time = "2025-06-14T20:44:51.621Z" },
    { url = "https://files.pythonhosted.org/packages/ed/7d/6169f16a0c7ec15b9381f8bf33872baf912de2ef68d96c798ca4c6ee641f/pyobjc_core-11.1-cp314-cp314-macosx_11_0_universal2.whl", hash = "sha256:8cb9ed17a8d84a312a6e8b665dd22393d48336ea1d8277e7ad20c19a38edf731", size = 667203, upload-time = "2025-06-14T20:44:53.262Z" },
    { url = "https://files.pythonhosted.org/packages/49/0f/f5ab2b0e57430a3bec9a62b6153c0e79c05a30d77b564efdb9f9446eeac5/pyobjc_core-11.1-cp314-cp314t-macosx_11_0_universal2.whl", hash = "sha256:f2455683e807f8541f0d83fbba0f5d9a46128ab0d5cc83ea208f0bec759b7f96", size = 708807, upload-time = "2025-06-14T20:44:54.851Z" },
    { url = "https://files.pythonhosted.org/packages/0b/3c/98f04333e4f958ee0c44ceccaf0342c2502d361608e00f29a5d50e16a569/pyobjc_core-11.1-cp39-cp39-macosx_10_9_universal2.whl", hash = "sha256:4a99e6558b48b8e47c092051e7b3be05df1c8d0617b62f6fa6a316c01902d157", size = 677089, upload-time = "2025-06-14T20:44:56.15Z" },
]

[[package]]
name = "pyobjc-core"
version = "12.1"
source = { registry = "https://pypi.org/simple" }
resolution-markers = [
    "python_full_version >= '3.10'",
]
sdist = { url = "https://files.pythonhosted.org/packages/b8/b6/d5612eb40be4fd5ef88c259339e6313f46ba67577a95d86c3470b951fce0/pyobjc_core-12.1.tar.gz", hash = "sha256:2bb3903f5387f72422145e1466b3ac3f7f0ef2e9960afa9bcd8961c5cbf8bd21", size = 1000532, upload-time = "2025-11-14T10:08:28.292Z" }
wheels = [
    { url = "https://files.pythonhosted.org/packages/63/bf/3dbb1783388da54e650f8a6b88bde03c101d9ba93dfe8ab1b1873f1cd999/pyobjc_core-12.1-cp310-cp310-macosx_10_9_universal2.whl", hash = "sha256:93418e79c1655f66b4352168f8c85c942707cb1d3ea13a1da3e6f6a143bacda7", size = 676748, upload-time = "2025-11-14T09:30:50.023Z" },
    { url = "https://files.pythonhosted.org/packages/95/df/d2b290708e9da86d6e7a9a2a2022b91915cf2e712a5a82e306cb6ee99792/pyobjc_core-12.1-cp311-cp311-macosx_10_9_universal2.whl", hash = "sha256:c918ebca280925e7fcb14c5c43ce12dcb9574a33cccb889be7c8c17f3bcce8b6", size = 671263, upload-time = "2025-11-14T09:31:35.231Z" },
    { url = "https://files.pythonhosted.org/packages/64/5a/6b15e499de73050f4a2c88fff664ae154307d25dc04da8fb38998a428358/pyobjc_core-12.1-cp312-cp312-macosx_10_13_universal2.whl", hash = "sha256:818bcc6723561f207e5b5453efe9703f34bc8781d11ce9b8be286bb415eb4962", size = 678335, upload-time = "2025-11-14T09:32:20.107Z" },
    { url = "https://files.pythonhosted.org/packages/f4/d2/29e5e536adc07bc3d33dd09f3f7cf844bf7b4981820dc2a91dd810f3c782/pyobjc_core-12.1-cp313-cp313-macosx_10_13_universal2.whl", hash = "sha256:01c0cf500596f03e21c23aef9b5f326b9fb1f8f118cf0d8b66749b6cf4cbb37a", size = 677370, upload-time = "2025-11-14T09:33:05.273Z" },
    { url = "https://files.pythonhosted.org/packages/1b/f0/4b4ed8924cd04e425f2a07269943018d43949afad1c348c3ed4d9d032787/pyobjc_core-12.1-cp313-cp313t-macosx_10_13_universal2.whl", hash = "sha256:177aaca84bb369a483e4961186704f64b2697708046745f8167e818d968c88fc", size = 719586, upload-time = "2025-11-14T09:33:53.302Z" },
    { url = "https://files.pythonhosted.org/packages/25/98/9f4ed07162de69603144ff480be35cd021808faa7f730d082b92f7ebf2b5/pyobjc_core-12.1-cp314-cp314-macosx_10_15_universal2.whl", hash = "sha256:844515f5d86395b979d02152576e7dee9cc679acc0b32dc626ef5bda315eaa43", size = 670164, upload-time = "2025-11-14T09:34:37.458Z" },
    { url = "https://files.pythonhosted.org/packages/62/50/dc076965c96c7f0de25c0a32b7f8aa98133ed244deaeeacfc758783f1f30/pyobjc_core-12.1-cp314-cp314t-macosx_10_15_universal2.whl", hash = "sha256:453b191df1a4b80e756445b935491b974714456ae2cbae816840bd96f86db882", size = 712204, upload-time = "2025-11-14T09:35:24.148Z" },
]

[[package]]
name = "pyobjc-framework-cocoa"
version = "10.3.2"
source = { registry = "https://pypi.org/simple" }
resolution-markers = [
    "python_full_version < '3.9'",
]
dependencies = [
    { name = "pyobjc-core", version = "11.1", source = { registry = "https://pypi.org/simple" }, marker = "python_full_version < '3.9'" },
]
sdist = { url = "https://files.pythonhosted.org/packages/39/41/4f09a5e9a6769b4dafb293ea597ed693cc0def0e07867ad0a42664f530b6/pyobjc_framework_cocoa-10.3.2.tar.gz", hash = "sha256:673968e5435845bef969bfe374f31a1a6dc660c98608d2b84d5cae6eafa5c39d", size = 4942530, upload-time = "2024-11-30T15:30:27.244Z" }
wheels = [
    { url = "https://files.pythonhosted.org/packages/7f/92/8181f9d1cc5539ffb56fe9a91df54348eb0eb36764e53b0082267192ce4b/pyobjc_framework_Cocoa-10.3.2-cp310-cp310-macosx_10_9_universal2.whl", hash = "sha256:61f44c2adab28fdf3aa3d593c9497a2d9ceb9583ed9814adb48828c385d83ff4", size = 381552, upload-time = "2024-11-30T13:17:34.02Z" },
    { url = "https://files.pythonhosted.org/packages/94/52/a41bf62d1467d74e61a729a1e36e064abb47f124a5e484643f021388873f/pyobjc_framework_Cocoa-10.3.2-cp311-cp311-macosx_10_9_universal2.whl", hash = "sha256:7caaf8b260e81b27b7b787332846f644b9423bfc1536f6ec24edbde59ab77a87", size = 381529, upload-time = "2024-11-30T13:18:06.791Z" },
    { url = "https://files.pythonhosted.org/packages/22/fc/496c6ce1386f93d22d9a1ee1889215ed69989d976efa27e46b37b95a4f2d/pyobjc_framework_Cocoa-10.3.2-cp312-cp312-macosx_10_13_universal2.whl", hash = "sha256:c49e99fc4b9e613fb308651b99d52a8a9ae9916c8ef27aa2f5d585b6678a59bf", size = 381866, upload-time = "2024-11-30T13:18:08.83Z" },
    { url = "https://files.pythonhosted.org/packages/4e/c4/bccb4c05422170c0afccf6ebbdcc7551f7ddd03d2f7a65498d02cb179993/pyobjc_framework_Cocoa-10.3.2-cp313-cp313-macosx_10_13_universal2.whl", hash = "sha256:f1161b5713f9b9934c12649d73a6749617172e240f9431eff9e22175262fdfda", size = 381878, upload-time = "2024-11-30T13:18:26.24Z" },
    { url = "https://files.pythonhosted.org/packages/25/ec/68657a633512edb84ecb1ff47a067a81028d6f027aa923e806400d2f8a26/pyobjc_framework_Cocoa-10.3.2-cp313-cp313t-macosx_10_13_universal2.whl", hash = "sha256:08e48b9ee4eb393447b2b781d16663b954bd10a26927df74f92e924c05568d89", size = 384925, upload-time = "2024-11-30T13:18:28.171Z" },
    { url = "https://files.pythonhosted.org/packages/fc/6b/1167d2e926b29fa79680ba83028818af28ec97a91e84d849ab18a6b51342/pyobjc_framework_Cocoa-10.3.2-cp38-cp38-macosx_10_9_x86_64.whl", hash = "sha256:7faa448d2038ae0e0287a326d390002e744bb6470e45995e2dbd16c892e4495a", size = 284040, upload-time = "2024-11-30T13:18:57.955Z" },
    { url = "https://files.pythonhosted.org/packages/41/df/b627ac079a11011f7a9e4ae5a3c358fc6540d0b51386d339e214a957a4aa/pyobjc_framework_Cocoa-10.3.2-cp38-cp38-macosx_11_0_universal2.whl", hash = "sha256:fcd53fee2be9708576617994b107aedc2c40824b648cd51e780e8399c0a447b6", size = 381813, upload-time = "2024-11-30T13:18:59.766Z" },
    { url = "https://files.pythonhosted.org/packages/cc/fb/3ed87bcc1db8290cf83aad4cb584c7b489f1aad5500008ba3b43b6fd1a8b/pyobjc_framework_Cocoa-10.3.2-cp39-cp39-macosx_10_9_universal2.whl", hash = "sha256:838fcf0d10674bde9ff64a3f20c0e188f2dc5e804476d80509b81c4ac1dabc59", size = 381514, upload-time = "2024-11-30T13:19:15.651Z" },
]

[[package]]
name = "pyobjc-framework-cocoa"
version = "11.1"
source = { registry = "https://pypi.org/simple" }
resolution-markers = [
    "python_full_version == '3.9.*'",
]
dependencies = [
    { name = "pyobjc-core", version = "11.1", source = { registry = "https://pypi.org/simple" }, marker = "python_full_version == '3.9.*'" },
]
sdist = { url = "https://files.pythonhosted.org/packages/4b/c5/7a866d24bc026f79239b74d05e2cf3088b03263da66d53d1b4cf5207f5ae/pyobjc_framework_cocoa-11.1.tar.gz", hash = "sha256:87df76b9b73e7ca699a828ff112564b59251bb9bbe72e610e670a4dc9940d038", size = 5565335, upload-time = "2025-06-14T20:56:59.683Z" }
wheels = [
    { url = "https://files.pythonhosted.org/packages/87/8f/67a7e166b615feb96385d886c6732dfb90afed565b8b1f34673683d73cd9/pyobjc_framework_cocoa-11.1-cp310-cp310-macosx_10_9_universal2.whl", hash = "sha256:b27a5bdb3ab6cdeb998443ff3fce194ffae5f518c6a079b832dbafc4426937f9", size = 388187, upload-time = "2025-06-14T20:46:49.74Z" },
    { url = "https://files.pythonhosted.org/packages/90/43/6841046aa4e257b6276cd23e53cacedfb842ecaf3386bb360fa9cc319aa1/pyobjc_framework_cocoa-11.1-cp311-cp311-macosx_10_9_universal2.whl", hash = "sha256:7b9a9b8ba07f5bf84866399e3de2aa311ed1c34d5d2788a995bdbe82cc36cfa0", size = 388177, upload-time = "2025-06-14T20:46:51.454Z" },
    { url = "https://files.pythonhosted.org/packages/68/da/41c0f7edc92ead461cced7e67813e27fa17da3c5da428afdb4086c69d7ba/pyobjc_framework_cocoa-11.1-cp312-cp312-macosx_10_13_universal2.whl", hash = "sha256:806de56f06dfba8f301a244cce289d54877c36b4b19818e3b53150eb7c2424d0", size = 388983, upload-time = "2025-06-14T20:46:52.591Z" },
    { url = "https://files.pythonhosted.org/packages/4e/0b/a01477cde2a040f97e226f3e15e5ffd1268fcb6d1d664885a95ba592eca9/pyobjc_framework_cocoa-11.1-cp313-cp313-macosx_10_13_universal2.whl", hash = "sha256:54e93e1d9b0fc41c032582a6f0834befe1d418d73893968f3f450281b11603da", size = 389049, upload-time = "2025-06-14T20:46:53.757Z" },
    { url = "https://files.pythonhosted.org/packages/bc/e6/64cf2661f6ab7c124d0486ec6d1d01a9bb2838a0d2a46006457d8c5e6845/pyobjc_framework_cocoa-11.1-cp313-cp313t-macosx_10_13_universal2.whl", hash = "sha256:fd5245ee1997d93e78b72703be1289d75d88ff6490af94462b564892e9266350", size = 393110, upload-time = "2025-06-14T20:46:54.894Z" },
    { url = "https://files.pythonhosted.org/packages/33/87/01e35c5a3c5bbdc93d5925366421e10835fcd7b23347b6c267df1b16d0b3/pyobjc_framework_cocoa-11.1-cp314-cp314-macosx_11_0_universal2.whl", hash = "sha256:aede53a1afc5433e1e7d66568cc52acceeb171b0a6005407a42e8e82580b4fc0", size = 392644, upload-time = "2025-06-14T20:46:56.503Z" },
    { url = "https://files.pythonhosted.org/packages/c1/7c/54afe9ffee547c41e1161691e72067a37ed27466ac71c089bfdcd07ca70d/pyobjc_framework_cocoa-11.1-cp314-cp314t-macosx_11_0_universal2.whl", hash = "sha256:1b5de4e1757bb65689d6dc1f8d8717de9ec8587eb0c4831c134f13aba29f9b71", size = 396742, upload-time = "2025-06-14T20:46:57.64Z" },
    { url = "https://files.pythonhosted.org/packages/b2/9b/5499d1ed6790b037b12831d7038eb21031ab90a033d4cfa43c9b51085925/pyobjc_framework_cocoa-11.1-cp39-cp39-macosx_10_9_universal2.whl", hash = "sha256:bbee71eeb93b1b31ffbac8560b59a0524a8a4b90846a260d2c4f2188f3d4c721", size = 388163, upload-time = "2025-06-14T20:46:58.72Z" },
]

[[package]]
name = "pyobjc-framework-cocoa"
version = "12.1"
source = { registry = "https://pypi.org/simple" }
resolution-markers = [
    "python_full_version >= '3.10'",
]
dependencies = [
    { name = "pyobjc-core", version = "12.1", source = { registry = "https://pypi.org/simple" }, marker = "python_full_version >= '3.10'" },
]
sdist = { url = "https://files.pythonhosted.org/packages/02/a3/16ca9a15e77c061a9250afbae2eae26f2e1579eb8ca9462ae2d2c71e1169/pyobjc_framework_cocoa-12.1.tar.gz", hash = "sha256:5556c87db95711b985d5efdaaf01c917ddd41d148b1e52a0c66b1a2e2c5c1640", size = 2772191, upload-time = "2025-11-14T10:13:02.069Z" }
wheels = [
    { url = "https://files.pythonhosted.org/packages/b2/aa/2b2d7ec3ac4b112a605e9bd5c5e5e4fd31d60a8a4b610ab19cc4838aa92a/pyobjc_framework_cocoa-12.1-cp310-cp310-macosx_10_9_universal2.whl", hash = "sha256:9b880d3bdcd102809d704b6d8e14e31611443aa892d9f60e8491e457182fdd48", size = 383825, upload-time = "2025-11-14T09:40:28.354Z" },
    { url = "https://files.pythonhosted.org/packages/3f/07/5760735c0fffc65107e648eaf7e0991f46da442ac4493501be5380e6d9d4/pyobjc_framework_cocoa-12.1-cp311-cp311-macosx_10_9_universal2.whl", hash = "sha256:f52228bcf38da64b77328787967d464e28b981492b33a7675585141e1b0a01e6", size = 383812, upload-time = "2025-11-14T09:40:53.169Z" },
    { url = "https://files.pythonhosted.org/packages/95/bf/ee4f27ec3920d5c6fc63c63e797c5b2cc4e20fe439217085d01ea5b63856/pyobjc_framework_cocoa-12.1-cp312-cp312-macosx_10_13_universal2.whl", hash = "sha256:547c182837214b7ec4796dac5aee3aa25abc665757b75d7f44f83c994bcb0858", size = 384590, upload-time = "2025-11-14T09:41:17.336Z" },
    { url = "https://files.pythonhosted.org/packages/ad/31/0c2e734165abb46215797bd830c4bdcb780b699854b15f2b6240515edcc6/pyobjc_framework_cocoa-12.1-cp313-cp313-macosx_10_13_universal2.whl", hash = "sha256:5a3dcd491cacc2f5a197142b3c556d8aafa3963011110102a093349017705118", size = 384689, upload-time = "2025-11-14T09:41:41.478Z" },
    { url = "https://files.pythonhosted.org/packages/23/3b/b9f61be7b9f9b4e0a6db18b3c35c4c4d589f2d04e963e2174d38c6555a92/pyobjc_framework_cocoa-12.1-cp313-cp313t-macosx_10_13_universal2.whl", hash = "sha256:914b74328c22d8ca261d78c23ef2befc29776e0b85555973927b338c5734ca44", size = 388843, upload-time = "2025-11-14T09:42:05.719Z" },
    { url = "https://files.pythonhosted.org/packages/59/bb/f777cc9e775fc7dae77b569254570fe46eb842516b3e4fe383ab49eab598/pyobjc_framework_cocoa-12.1-cp314-cp314-macosx_10_15_universal2.whl", hash = "sha256:03342a60fc0015bcdf9b93ac0b4f457d3938e9ef761b28df9564c91a14f0129a", size = 384932, upload-time = "2025-11-14T09:42:29.771Z" },
    { url = "https://files.pythonhosted.org/packages/58/27/b457b7b37089cad692c8aada90119162dfb4c4a16f513b79a8b2b022b33b/pyobjc_framework_cocoa-12.1-cp314-cp314t-macosx_10_15_universal2.whl", hash = "sha256:6ba1dc1bfa4da42d04e93d2363491275fb2e2be5c20790e561c8a9e09b8cf2cc", size = 388970, upload-time = "2025-11-14T09:42:53.964Z" },
]

[[package]]
name = "pyqt5"
version = "5.15.11"
source = { registry = "https://pypi.org/simple" }
dependencies = [
    { name = "pyqt5-qt5" },
    { name = "pyqt5-sip", version = "12.15.0", source = { registry = "https://pypi.org/simple" }, marker = "python_full_version < '3.9'" },
    { name = "pyqt5-sip", version = "12.17.1", source = { registry = "https://pypi.org/simple" }, marker = "python_full_version == '3.9.*'" },
    { name = "pyqt5-sip", version = "12.17.2", source = { registry = "https://pypi.org/simple" }, marker = "python_full_version >= '3.10'" },
]
sdist = { url = "https://files.pythonhosted.org/packages/0e/07/c9ed0bd428df6f87183fca565a79fee19fa7c88c7f00a7f011ab4379e77a/PyQt5-5.15.11.tar.gz", hash = "sha256:fda45743ebb4a27b4b1a51c6d8ef455c4c1b5d610c90d2934c7802b5c1557c52", size = 3216775, upload-time = "2024-07-19T08:39:57.756Z" }
wheels = [
    { url = "https://files.pythonhosted.org/packages/11/64/42ec1b0bd72d87f87bde6ceb6869f444d91a2d601f2e67cd05febc0346a1/PyQt5-5.15.11-cp38-abi3-macosx_11_0_arm64.whl", hash = "sha256:c8b03dd9380bb13c804f0bdb0f4956067f281785b5e12303d529f0462f9afdc2", size = 6579776, upload-time = "2024-07-19T08:39:19.775Z" },
    { url = "https://files.pythonhosted.org/packages/49/f5/3fb696f4683ea45d68b7e77302eff173493ac81e43d63adb60fa760b9f91/PyQt5-5.15.11-cp38-abi3-macosx_11_0_x86_64.whl", hash = "sha256:6cd75628f6e732b1ffcfe709ab833a0716c0445d7aec8046a48d5843352becb6", size = 7016415, upload-time = "2024-07-19T08:39:32.977Z" },
    { url = "https://files.pythonhosted.org/packages/b4/8c/4065950f9d013c4b2e588fe33cf04e564c2322842d84dbcbce5ba1dc28b0/PyQt5-5.15.11-cp38-abi3-manylinux_2_17_x86_64.whl", hash = "sha256:cd672a6738d1ae33ef7d9efa8e6cb0a1525ecf53ec86da80a9e1b6ec38c8d0f1", size = 8188103, upload-time = "2024-07-19T08:39:40.561Z" },
    { url = "https://files.pythonhosted.org/packages/f3/f0/ae5a5b4f9b826b29ea4be841b2f2d951bcf5ae1d802f3732b145b57c5355/PyQt5-5.15.11-cp38-abi3-win32.whl", hash = "sha256:76be0322ceda5deecd1708a8d628e698089a1cea80d1a49d242a6d579a40babd", size = 5433308, upload-time = "2024-07-19T08:39:46.932Z" },
    { url = "https://files.pythonhosted.org/packages/56/d5/68eb9f3d19ce65df01b6c7b7a577ad3bbc9ab3a5dd3491a4756e71838ec9/PyQt5-5.15.11-cp38-abi3-win_amd64.whl", hash = "sha256:bdde598a3bb95022131a5c9ea62e0a96bd6fb28932cc1619fd7ba211531b7517", size = 6865864, upload-time = "2024-07-19T08:39:53.572Z" },
]

[[package]]
name = "pyqt5-qt5"
version = "5.15.18"
source = { registry = "https://pypi.org/simple" }
wheels = [
    { url = "https://files.pythonhosted.org/packages/46/90/bf01ac2132400997a3474051dd680a583381ebf98b2f5d64d4e54138dc42/pyqt5_qt5-5.15.18-py3-none-macosx_10_13_x86_64.whl", hash = "sha256:8bb997eb903afa9da3221a0c9e6eaa00413bbeb4394d5706118ad05375684767", size = 39715743, upload-time = "2025-11-09T12:56:42.936Z" },
    { url = "https://files.pythonhosted.org/packages/24/8e/76366484d9f9dbe28e3bdfc688183433a7b82e314216e9b14c89e5fab690/pyqt5_qt5-5.15.18-py3-none-macosx_11_0_arm64.whl", hash = "sha256:c656af9c1e6aaa7f59bf3d8995f2fa09adbf6762b470ed284c31dca80d686a26", size = 36798484, upload-time = "2025-11-09T12:56:59.998Z" },
    { url = "https://files.pythonhosted.org/packages/9a/46/ffe177f99f897a59dc237a20059020427bd2d3853d713992b8081933ddfe/pyqt5_qt5-5.15.18-py3-none-manylinux2014_x86_64.whl", hash = "sha256:bf2457e6371969736b4f660a0c153258fa03dbc6a181348218e6f05421682af7", size = 60864590, upload-time = "2025-11-09T12:57:26.724Z" },
]

[[package]]
name = "pyqt5-sip"
version = "12.15.0"
source = { registry = "https://pypi.org/simple" }
resolution-markers = [
    "python_full_version < '3.9'",
]
sdist = { url = "https://files.pythonhosted.org/packages/1b/15/78318d50f10062c428e97e7ce387e772616a4673c356018b905f247a6a85/PyQt5_sip-12.15.0.tar.gz", hash = "sha256:d23fdfcf363b5cedd9d39f8a9c5710e7d52804f5b08a58e91c638b36eafcb702", size = 104024, upload-time = "2024-07-12T15:38:08.283Z" }
wheels = [
    { url = "https://files.pythonhosted.org/packages/f9/cb/5989258c3d70c78eabaebe3ac900c56c863caf6de7961e4b7b556a8c9e7a/PyQt5_sip-12.15.0-cp310-cp310-macosx_10_9_universal2.whl", hash = "sha256:749f7a3ffd6e3d2d5db65ed92c95cbd14490631595c61f0c0672c9238bfb17de", size = 122371, upload-time = "2024-07-12T15:37:07.208Z" },
    { url = "https://files.pythonhosted.org/packages/c1/06/3fffcc82005d83ce5f923c52a13fc40661c081c0aa7a2588af09351d9075/PyQt5_sip-12.15.0-cp310-cp310-manylinux_2_5_x86_64.manylinux1_x86_64.whl", hash = "sha256:b4adc529fa4ec05728e14ea55194d907cc51f18d6f2ac5cc9f6eb52ac038aa0f", size = 270522, upload-time = "2024-07-12T15:37:09.41Z" },
    { url = "https://files.pythonhosted.org/packages/64/29/9508798f4009a7ffcfb92818fbe6dbfdc63fbc300b32c6c193f5c0879c16/PyQt5_sip-12.15.0-cp310-cp310-win32.whl", hash = "sha256:83d247cdc43ef224410b14c97413067ea26356dfa39e9ed0fe702a31e25710b0", size = 49059, upload-time = "2024-07-12T15:37:10.703Z" },
    { url = "https://files.pythonhosted.org/packages/18/c2/a53caa812b3886550eb82ba7af63a8293a6ffbceaef1f6f192fe34fdd580/PyQt5_sip-12.15.0-cp310-cp310-win_amd64.whl", hash = "sha256:13f0c6a78e781255863e3e160304648efaf62276b7102741af637b63a6e96930", size = 59015, upload-time = "2024-07-12T15:37:12.4Z" },
    { url = "https://files.pythonhosted.org/packages/e9/7e/4b87c65adf9cb74895acc129043d04bb300436cab1e39469f4a9fc40b602/PyQt5_sip-12.15.0-cp311-cp311-macosx_10_9_universal2.whl", hash = "sha256:855563d4d3b59ce7438bbf2dd32fed2707787defa40f3efe94f204a19ef92b25", size = 122436, upload-time = "2024-07-12T15:37:13.921Z" },
    { url = "https://files.pythonhosted.org/packages/ec/90/8bf505a096553a253e1a65078ca1aeb6de8a83f27afa3a43bb89ae29da31/PyQt5_sip-12.15.0-cp311-cp311-manylinux_2_5_x86_64.manylinux1_x86_64.whl", hash = "sha256:0b718a362f4392430903bbb2a4b9bbff9841a16a52f0cfdd5b5bbd9d11457980", size = 276022, upload-time = "2024-07-12T15:37:32.356Z" },
    { url = "https://files.pythonhosted.org/packages/6b/80/ed1a360df9128e0e26e28c6341174a7e02efc57816799af5e3a3cb865fc8/PyQt5_sip-12.15.0-cp311-cp311-win32.whl", hash = "sha256:2575f428de584a12009fd29d00c89df16ed101a3b38beba818dfdcbc4a10709c", size = 49065, upload-time = "2024-07-12T15:37:34.417Z" },
    { url = "https://files.pythonhosted.org/packages/4e/d6/ea034ad64290c541042dc4c349d5aa854c8a0b54802a0759ec37671f0939/PyQt5_sip-12.15.0-cp311-cp311-win_amd64.whl", hash = "sha256:c85be433fbafcb3d417581c0e1b67c8198d23858166e4f938e971c2262c13cdb", size = 59009, upload-time = "2024-07-12T15:37:45.34Z" },
    { url = "https://files.pythonhosted.org/packages/90/47/de48934a0d692c65b0833924a618786146c0869910c707a5e508351d5b91/PyQt5_sip-12.15.0-cp312-cp312-macosx_10_9_universal2.whl", hash = "sha256:852b75cf208825602480e95ab63314108f872d0da251e9ad3deaaff5a183a6f5", size = 124312, upload-time = "2024-07-12T15:37:46.705Z" },
    { url = "https://files.pythonhosted.org/packages/d1/6c/9a2fe24f8970e092613f709283a2101403490a209a30de3de89a413d9915/PyQt5_sip-12.15.0-cp312-cp312-manylinux_2_5_x86_64.manylinux1_x86_64.whl", hash = "sha256:0cd21c3215e3c47fdd5fa7a2dc3dd1e07a7230b0626e905a7217925068c788b9", size = 281431, upload-time = "2024-07-12T15:37:48.523Z" },
    { url = "https://files.pythonhosted.org/packages/90/53/0a4dc2d448619f2a51849e124d375ec7a8e95c938eccfaf8711bb77a62b6/PyQt5_sip-12.15.0-cp312-cp312-win32.whl", hash = "sha256:b58eeedc9b2a3037b136bf96915196c391a33be470ed1c0723d7163ef0b727a2", size = 49408, upload-time = "2024-07-12T15:37:49.854Z" },
    { url = "https://files.pythonhosted.org/packages/aa/c2/c07c531fe5a6124d91942c48a85ff4e14918766cd37819f7841cf2debabb/PyQt5_sip-12.15.0-cp312-cp312-win_amd64.whl", hash = "sha256:24a1d4937332bf0a38dd95bb2ce4d89723df449f6e912b52ef0e107e11fefac1", size = 57922, upload-time = "2024-07-12T15:37:53.71Z" },
    { url = "https://files.pythonhosted.org/packages/fe/c5/448f5757bfe8215ee570f490f4f600d4f92fdaf06690117eae369a5b3da0/PyQt5_sip-12.15.0-cp38-cp38-macosx_11_0_universal2.whl", hash = "sha256:91b9538458a3a23e033c213bc879ce64f3d0a33d5a49cbd03e1e584efe307a35", size = 122522, upload-time = "2024-07-12T15:37:55.02Z" },
    { url = "https://files.pythonhosted.org/packages/13/ae/e48632f12f0186f9719b001e9fe0495233d8dfa807ecc9f4b54462cd76f5/PyQt5_sip-12.15.0-cp38-cp38-manylinux_2_5_x86_64.manylinux1_x86_64.whl", hash = "sha256:0c1c727ede7fdc464a1fe2e46109ba836509b2d7187a46fdeae443148ce51d1c", size = 274510, upload-time = "2024-07-12T15:37:56.557Z" },
    { url = "https://files.pythonhosted.org/packages/64/34/507fd1aedb0919137d9a3fd806462543a7697e877999efbbdcb890f41379/PyQt5_sip-12.15.0-cp38-cp38-win32.whl", hash = "sha256:dd241de9c569c07bbba62bff1049996e5b52478164f61f430073a87bf6d26d33", size = 48884, upload-time = "2024-07-12T15:37:59.525Z" },
    { url = "https://files.pythonhosted.org/packages/4f/fc/7d44e8f83eded93fa1517d8354529b7a21cae5d93c26e1681fd7e4bcbb2b/PyQt5_sip-12.15.0-cp38-cp38-win_amd64.whl", hash = "sha256:f600ae6f03e4bff91153c0dc7ebe52f90bd2b6afda58fd580e6990b3b951adc0", size = 59038, upload-time = "2024-07-12T15:38:01.004Z" },
    { url = "https://files.pythonhosted.org/packages/bc/76/302ace0f93ff919be5fcbc763372c3b07fdb06005becd2e53b3d425204e4/PyQt5_sip-12.15.0-cp39-cp39-macosx_10_9_universal2.whl", hash = "sha256:c0c543d604116af26694a8a5ba90f510551ff9124d503ae5ee14bb73a61363a3", size = 122370, upload-time = "2024-07-12T15:38:02.247Z" },
    { url = "https://files.pythonhosted.org/packages/1a/b6/85f21bc6d0edde6a64e29fd5e6493ab184cc8bad502b3394416db6fbd7ea/PyQt5_sip-12.15.0-cp39-cp39-manylinux_2_5_x86_64.manylinux1_x86_64.whl", hash = "sha256:97f2d6e8d9b7b3d3e795d576d7f56e6257f524221f6383b33ded7287763e9f06", size = 268190, upload-time = "2024-07-12T15:38:04.853Z" },
    { url = "https://files.pythonhosted.org/packages/d8/9f/c4bfa0dce78b15352bc750c3faef8bd884aadf66603eacaabfa7ef99d5b7/PyQt5_sip-12.15.0-cp39-cp39-win32.whl", hash = "sha256:ed5221c6241981bd98d39504823efb9cbe36841bf8917288f8fe8fc1d5569a41", size = 48946, upload-time = "2024-07-12T15:38:06.121Z" },
    { url = "https://files.pythonhosted.org/packages/bc/ff/239f3304db74fac086e9c1152256374a98ddab980e60e54b6f0df0ce79f4/PyQt5_sip-12.15.0-cp39-cp39-win_amd64.whl", hash = "sha256:7f88c85702dce80ac2e1a162054f688ed394811d6dd03a5574b3fa8111b0a6db", size = 59003, upload-time = "2024-07-12T15:38:07.199Z" },
]

[[package]]
name = "pyqt5-sip"
version = "12.17.1"
source = { registry = "https://pypi.org/simple" }
resolution-markers = [
    "python_full_version == '3.9.*'",
]
sdist = { url = "https://files.pythonhosted.org/packages/ea/08/88a20c862f40b5c178c517cdc7e93767967dec5ac1b994e226d517991c9b/pyqt5_sip-12.17.1.tar.gz", hash = "sha256:0eab72bcb628f1926bf5b9ac51259d4fa18e8b2a81d199071135458f7d087ea8", size = 104136, upload-time = "2025-10-08T09:04:19.893Z" }
wheels = [
    { url = "https://files.pythonhosted.org/packages/8f/38/d03cef62cc03348249ce279c7e42159d1c902b1d550924403b1986a2b0f4/pyqt5_sip-12.17.1-cp310-cp310-macosx_10_9_universal2.whl", hash = "sha256:bd4f73b1ebd5e0bd8d4539a8e55132318efc70a92f648ef0f9d93329ad50adeb", size = 122532, upload-time = "2025-10-08T09:04:12.141Z" },
    { url = "https://files.pythonhosted.org/packages/08/92/5aa38d8c17ee857fc3f7866dc84d4f4e7ab2180b5026e4f6ffd594ed2432/pyqt5_sip-12.17.1-cp310-cp310-manylinux_2_5_x86_64.manylinux1_x86_64.whl", hash = "sha256:b52e85520dbfe5c3d0c0c47aa2c10fc1853d892ae60ebebfe8154b052394da50", size = 271388, upload-time = "2025-10-08T09:15:32.369Z" },
    { url = "https://files.pythonhosted.org/packages/58/5c/0990f3a9a07346417a6728102cbe3d97b13786bce974b24a8d649a49db59/pyqt5_sip-12.17.1-cp310-cp310-win32.whl", hash = "sha256:71a67e2c9b77a74e943e220db0a341c702fd9bcf83c4a2e07342dfce691742ae", size = 49092, upload-time = "2025-10-08T09:11:22.875Z" },
    { url = "https://files.pythonhosted.org/packages/07/ad/f101338acf81cbd562362741aee9d0ee3c9242a6127c12ca698a15c851c6/pyqt5_sip-12.17.1-cp310-cp310-win_amd64.whl", hash = "sha256:2710effb921bf6955b902779c763d890bb593da6325f0e128a0e3991cc855e9f", size = 58989, upload-time = "2025-10-08T09:08:33.535Z" },
    { url = "https://files.pythonhosted.org/packages/15/e4/451e465c75584a7cbd10e10404317b7443af83f56a64e02080b1f3cda5b5/pyqt5_sip-12.17.1-cp311-cp311-macosx_10_9_universal2.whl", hash = "sha256:5134d637efadd108a70306bab55b3d7feaa951bf6b8162161a67ae847bea9130", size = 122581, upload-time = "2025-10-08T09:04:13.607Z" },
    { url = "https://files.pythonhosted.org/packages/dc/b2/330f97434b21fbc99ab16f6ce71358ff5ea1bf1f09ed14dfe6b28b5ed8f5/pyqt5_sip-12.17.1-cp311-cp311-manylinux_2_5_x86_64.manylinux1_x86_64.whl", hash = "sha256:155cf755266c8bf64428916e2ff720d5efa1aec003d4ccc40c003b147dbdac03", size = 276844, upload-time = "2025-10-08T09:15:33.713Z" },
    { url = "https://files.pythonhosted.org/packages/3b/fd/53925099d0fc8aaf7adee613b6cebfb3fdfcd1238add64ff9edf6711e5f8/pyqt5_sip-12.17.1-cp311-cp311-win32.whl", hash = "sha256:9dfa7fe4ac93b60004430699c4bf56fef842a356d64dfea7cbc6d580d0427d6d", size = 49099, upload-time = "2025-10-08T09:11:23.928Z" },
    { url = "https://files.pythonhosted.org/packages/33/f8/f47a849c17676557c4220fbce9fcc24e15736af247c4dddcaf9ff0124b57/pyqt5_sip-12.17.1-cp311-cp311-win_amd64.whl", hash = "sha256:2ddd214cf40119b86942a5da2da5a7345334955ab00026d8dcc56326b30e6d3c", size = 58988, upload-time = "2025-10-08T09:08:34.903Z" },
    { url = "https://files.pythonhosted.org/packages/a5/15/291f83f336558300626bebb0c403084ec171bbc8a70683e3376234422eb6/pyqt5_sip-12.17.1-cp312-cp312-macosx_10_9_universal2.whl", hash = "sha256:c362606de782d2d46374a38523632786f145c517ee62de246a6069e5f2c5f336", size = 124521, upload-time = "2025-10-08T09:04:15.825Z" },
    { url = "https://files.pythonhosted.org/packages/45/85/ea1ae099260fd1859d71b31f51760b4226abfa778d5796b76d92c8fe6dcd/pyqt5_sip-12.17.1-cp312-cp312-manylinux_2_5_x86_64.manylinux1_x86_64.whl", hash = "sha256:140cc582151456103ebb149fefc678f3cae803e7720733db51212af5219cd45c", size = 282182, upload-time = "2025-10-08T09:15:35.752Z" },
    { url = "https://files.pythonhosted.org/packages/b4/b3/d5b50c721651a0f2ccbef6f8db3dabf3db296b9ec239ba007f5615f57dd7/pyqt5_sip-12.17.1-cp312-cp312-win32.whl", hash = "sha256:9dc1f1525d4d42c080f6cfdfc70d78239f8f67b0a48ea0745497251d8d848b1d", size = 49447, upload-time = "2025-10-08T09:11:24.843Z" },
    { url = "https://files.pythonhosted.org/packages/14/b6/474d8b17763683ab45fb364f3a44f25fdc25d97b47b29ad8819b95a15ac8/pyqt5_sip-12.17.1-cp312-cp312-win_amd64.whl", hash = "sha256:d5e2e9e175559017cd161d661e0ee0b551684f824bb90800c5a8c8a3bea9355e", size = 57946, upload-time = "2025-10-08T09:08:35.775Z" },
    { url = "https://files.pythonhosted.org/packages/1d/58/9ecb688050e79ffe7bbd9fc917aa13f63856a5081ac46bbce87bb11ab971/pyqt5_sip-12.17.1-cp313-cp313-macosx_10_13_universal2.whl", hash = "sha256:9ebbd7769ccdaaa6295e9c872553b6cde17f38e171056f17300d8af9a14d1fc8", size = 124485, upload-time = "2025-10-08T09:04:17.473Z" },
    { url = "https://files.pythonhosted.org/packages/b1/9f/ae691360a9f18e3e06fd297e854d7ad175367e35ea184fd2fcf6c79b8c25/pyqt5_sip-12.17.1-cp313-cp313-manylinux_2_5_x86_64.manylinux1_x86_64.whl", hash = "sha256:b023da906a70af2cf5e6fc1932f441ede07530f3e164dd52c6c2bb5ab7c6f424", size = 281923, upload-time = "2025-10-08T09:15:37.004Z" },
    { url = "https://files.pythonhosted.org/packages/d7/31/491c45423174a359a4b8a8d84a7b541c453f48497ae928cbe4006bcd3e01/pyqt5_sip-12.17.1-cp313-cp313-win32.whl", hash = "sha256:36dbef482bd638786b909f3bda65b7b3d5cbd6cbf16797496de38bae542da307", size = 49400, upload-time = "2025-10-08T09:11:25.769Z" },
    { url = "https://files.pythonhosted.org/packages/64/61/e28681dd5200094f7b2e6671e85c02a4d6693da36d23ad7d39ffbc70b15c/pyqt5_sip-12.17.1-cp313-cp313-win_amd64.whl", hash = "sha256:d04e5551bbc3bcec98acc63b3b0618ddcbf31ff107349225b516fe7e7c0a7c8b", size = 57979, upload-time = "2025-10-08T09:08:37.036Z" },
    { url = "https://files.pythonhosted.org/packages/71/f9/06c09dc94474ffe3f518f80e47fc69d34abf8e4a971ae7e7c667d6ff30a7/pyqt5_sip-12.17.1-cp314-cp314-macosx_10_15_universal2.whl", hash = "sha256:c49918287e1ad77956d1589f1d3d432a0be7630c646ea02cf652413a48e14458", size = 124400, upload-time = "2025-10-08T08:38:23.927Z" },
    { url = "https://files.pythonhosted.org/packages/40/ae/be6e338ea427deac5cd81a93f51ae3fb6505d99d6d5e5d5341bcc099327e/pyqt5_sip-12.17.1-cp314-cp314-manylinux_2_5_x86_64.manylinux1_x86_64.whl", hash = "sha256:944a4bf1e1ee18ad03a54964c1c6433fb6de582313a1f0b17673e7203e22fc83", size = 282291, upload-time = "2025-10-08T08:38:25.735Z" },
    { url = "https://files.pythonhosted.org/packages/fc/a3/8b758518bd0dd5d1581f7a6d522c9b4d9b58d05087b1d0b4dfaad5376434/pyqt5_sip-12.17.1-cp314-cp314-win32.whl", hash = "sha256:99a2935fd662a67748625b1e6ffa0a2d1f2da068b9df6db04fa59a4a5d4ee613", size = 50578, upload-time = "2025-10-08T08:38:28.72Z" },
    { url = "https://files.pythonhosted.org/packages/40/8c/e96f9877548810b1e537f46fc21ba74552dd4e8c498658114a8353bdf659/pyqt5_sip-12.17.1-cp314-cp314-win_amd64.whl", hash = "sha256:aaa33232cc80793d14fdb3b149b27eec0855612ed66aad480add5ac49b9cee63", size = 59763, upload-time = "2025-10-08T08:38:27.443Z" },
    { url = "https://files.pythonhosted.org/packages/1d/fd/097af91c0446c4877b2614f3e7e40729c7d0a276c401cef3ff95850cd236/pyqt5_sip-12.17.1-cp39-cp39-macosx_10_9_universal2.whl", hash = "sha256:6fdc457bd528e5909a5893db0a7dee0066d5f22e08234c9152db0ae6df9a367f", size = 122513, upload-time = "2025-10-08T09:04:18.867Z" },
    { url = "https://files.pythonhosted.org/packages/2c/cf/58143e15d0bfa1d1450071ad9a2d71adca82ebefbd7729d0c543463d4d31/pyqt5_sip-12.17.1-cp39-cp39-manylinux_2_5_x86_64.manylinux1_x86_64.whl", hash = "sha256:06ea59741c1bffb198d99b00d26594791f45fb11b10f774c8105aea5962e3835", size = 268959, upload-time = "2025-10-08T09:15:38.323Z" },
    { url = "https://files.pythonhosted.org/packages/e6/9b/8e8f1af1b500f0d4fcd48c9f7ee474731db8b046d3629151e382634eaf59/pyqt5_sip-12.17.1-cp39-cp39-win32.whl", hash = "sha256:b9ef23869d35c6740a95fcb1f387f4aea8d8fac80e19096fbaf1a64e18409c4b", size = 49030, upload-time = "2025-10-08T09:11:26.984Z" },
    { url = "https://files.pythonhosted.org/packages/64/1e/08bd86000c8294772c6c4aaaf53babd69b9b37e80d1c87583c1fe8eeab5b/pyqt5_sip-12.17.1-cp39-cp39-win_amd64.whl", hash = "sha256:90eed15f19557dfab22e68c7763e3690053cc8dd30d93ade2523d1b5a04a87be", size = 59011, upload-time = "2025-10-08T09:08:37.924Z" },
]

[[package]]
name = "pyqt5-sip"
version = "12.17.2"
source = { registry = "https://pypi.org/simple" }
resolution-markers = [
    "python_full_version >= '3.10'",
]
sdist = { url = "https://files.pythonhosted.org/packages/1e/4a/195cf4d2a7e1ff480b4cabcd51aa5c0068c03a19a97282317536e4a82e1e/pyqt5_sip-12.17.2.tar.gz", hash = "sha256:7f66565c2a13d34d8ad6aad08e953d355ea3fe466d991d51aa5a0966a5289f05", size = 104246, upload-time = "2025-12-06T13:19:06.821Z" }
wheels = [
    { url = "https://files.pythonhosted.org/packages/44/16/96faed1e31658d27979f36f9a56642c6a348ff44a9a35ccbb267c9b66ab3/pyqt5_sip-12.17.2-cp310-cp310-macosx_10_9_universal2.whl", hash = "sha256:43c2bc7e7d19eb67998374c49adbaa8072d4261a286bdf64d08382bacae84fb7", size = 122657, upload-time = "2025-12-06T13:18:37.715Z" },
    { url = "https://files.pythonhosted.org/packages/11/81/4237700a1154e908c9c5d3be332bf8c58e6a31ed773bccd42ce4248ee297/pyqt5_sip-12.17.2-cp310-cp310-manylinux_2_5_x86_64.manylinux1_x86_64.whl", hash = "sha256:dda1e7e6840935f17fbeb445ec5da63b9b8e7f673317019397611230faeb81a6", size = 271491, upload-time = "2025-12-06T13:18:38.882Z" },
    { url = "https://files.pythonhosted.org/packages/be/e3/2bce195fb0229d7d2d6b009c44638ec02f06b7a14e912d053f3d80aa658a/pyqt5_sip-12.17.2-cp310-cp310-win32.whl", hash = "sha256:2dca03cd1d6c2c843e5de4d0a7b33a7812ed37d576ea65249f1a97c17d9f988b", size = 49314, upload-time = "2025-12-06T13:18:41.274Z" },
    { url = "https://files.pythonhosted.org/packages/80/20/d3baa26aebe4c33f314f7ae4565b4cf922d1d68f98f4919a0e0ad50653e7/pyqt5_sip-12.17.2-cp310-cp310-win_amd64.whl", hash = "sha256:0005227f10a6221d68f764e24181fe15b770da364fd3a67529ac13f589523991", size = 58803, upload-time = "2025-12-06T13:18:40.358Z" },
    { url = "https://files.pythonhosted.org/packages/47/57/acd812ddfdde9991f4cfe2a738e3646ab66ad2561c3dc0ba8e7541883aff/pyqt5_sip-12.17.2-cp311-cp311-macosx_10_9_universal2.whl", hash = "sha256:a6ce4b763f17ac89ef44716dbfa77ed93677ac502aa402989989508715185e74", size = 122716, upload-time = "2025-12-06T13:18:42.822Z" },
    { url = "https://files.pythonhosted.org/packages/c2/2e/2ff71739ee601347f7b6f6bd3265a259f39d145dfa474c44372d369b06ec/pyqt5_sip-12.17.2-cp311-cp311-manylinux_2_5_x86_64.manylinux1_x86_64.whl", hash = "sha256:cf8e8a88a3c031dd35bb19c4d7d9a3d65cca84719bed1bc5dd7e2aaf0cf517d2", size = 277063, upload-time = "2025-12-06T13:18:44.62Z" },
    { url = "https://files.pythonhosted.org/packages/9f/bf/8bef9051e49178e18a0c345de95a982c7a4f3779208ab793381d613ea435/pyqt5_sip-12.17.2-cp311-cp311-win32.whl", hash = "sha256:291d0e2aeddd18081533804150cc59e183b3ab6b4da2b2cf701fdf3ea41ffdda", size = 49323, upload-time = "2025-12-06T13:18:47.51Z" },
    { url = "https://files.pythonhosted.org/packages/54/d1/377bdc729877f12bdf3841716a4e620aa51b50a0cddcfa8aeecc3a152c9b/pyqt5_sip-12.17.2-cp311-cp311-win_amd64.whl", hash = "sha256:d53bea28b881cd9a4536c27c0658ae182bfb514dc1ff9235d16d10288010fc59", size = 58798, upload-time = "2025-12-06T13:18:45.684Z" },
    { url = "https://files.pythonhosted.org/packages/4b/3e/f5c7bc43668147ddc00a1a579f22639dffdbfb9470ce3a5bc1cf27e0d541/pyqt5_sip-12.17.2-cp312-cp312-macosx_10_9_universal2.whl", hash = "sha256:0bd1a8e59124a90a05f078bceeb9d4d93c3986c349030487c202fffde6612969", size = 124612, upload-time = "2025-12-06T13:18:49.614Z" },
    { url = "https://files.pythonhosted.org/packages/b9/41/63f81a53704425092558f1ec17adbed11787f4322e60a849e0539516b3aa/pyqt5_sip-12.17.2-cp312-cp312-manylinux_2_5_x86_64.manylinux1_x86_64.whl", hash = "sha256:55ff374feb4bad783241649c7b946e05d7e83d60b0755526ed8fb25bf54e3408", size = 282364, upload-time = "2025-12-06T13:18:51.179Z" },
    { url = "https://files.pythonhosted.org/packages/b5/cd/2b749a174e61394085d61cafb7dc3c11ddf40307edfb2d71cb9b71b7f320/pyqt5_sip-12.17.2-cp312-cp312-win32.whl", hash = "sha256:45dc6e2121d175fdab1431c448fd3e88c97caf873a33cb65efa2e9ad0056337b", size = 49521, upload-time = "2025-12-06T13:18:53.155Z" },
    { url = "https://files.pythonhosted.org/packages/73/ac/7f6d6a6a4505b251f1174092f09d5611c2ed66602c40d3411d93a1d2a95f/pyqt5_sip-12.17.2-cp312-cp312-win_amd64.whl", hash = "sha256:e3bb16e43afd68dd013228075876cf8f8b1a7d86ba67767dd2c6a97be677c18d", size = 58003, upload-time = "2025-12-06T13:18:52.119Z" },
    { url = "https://files.pythonhosted.org/packages/38/b1/78432c271b2a5477f5fe1ad9eb69cdc482430230b8d552cf5cee393d7862/pyqt5_sip-12.17.2-cp313-cp313-macosx_10_13_universal2.whl", hash = "sha256:cfeee3c27f28c091d6a46f8befe9afcfafc76846846bedf1112d403a7299e864", size = 124589, upload-time = "2025-12-06T13:18:54.942Z" },
    { url = "https://files.pythonhosted.org/packages/e8/d9/6451973300f7dffe70476cad7fc4a59ffe08417ee4add6afb3288c91bd85/pyqt5_sip-12.17.2-cp313-cp313-manylinux_2_5_x86_64.manylinux1_x86_64.whl", hash = "sha256:b5df33e198d5d7cccc8e081f80eb97b8d70100f887362074a029a6c19cb92c8b", size = 282040, upload-time = "2025-12-06T13:18:57.019Z" },
    { url = "https://files.pythonhosted.org/packages/c6/1e/241d9ddef5cb1bb3e3b5839b6f8c05ae727e196be82b4646ea4ef9475ef7/pyqt5_sip-12.17.2-cp313-cp313-win32.whl", hash = "sha256:2c0a278b8fc289d34d4e62bbb9ef6da96b45cc9ab3f6886397b1490d2b4a5604", size = 49497, upload-time = "2025-12-06T13:19:00.012Z" },
    { url = "https://files.pythonhosted.org/packages/fd/33/a393163b6299a7e0743fad86fbcb06cf219878fbdd629ee6cb46d2a4d9f7/pyqt5_sip-12.17.2-cp313-cp313-win_amd64.whl", hash = "sha256:7e0d663b583a4d3ac63c9fbade2228de6ee628b44a025f5fd964b97dbbcbebc9", size = 58075, upload-time = "2025-12-06T13:18:58.069Z" },
    { url = "https://files.pythonhosted.org/packages/58/29/b4943def737d3f8876bfd4f9af1909892ae1998099695b3e81870c39aaa7/pyqt5_sip-12.17.2-cp314-cp314-macosx_10_15_universal2.whl", hash = "sha256:6f03c25a18294f2d66befc4f2adf3f35fceba877b937dc8a94783fa7da8b7345", size = 124591, upload-time = "2025-12-06T13:19:02.105Z" },
    { url = "https://files.pythonhosted.org/packages/18/62/e7ac79bb080d4e5a7d7fea50ca7d9231a7ded07e01f24d4e123f089e1630/pyqt5_sip-12.17.2-cp314-cp314-manylinux_2_5_x86_64.manylinux1_x86_64.whl", hash = "sha256:a6d716801d512643b7b1f50dfbdcd16408fe9a6df907d8627b4ad82190604bec", size = 282412, upload-time = "2025-12-06T13:19:03.787Z" },
    { url = "https://files.pythonhosted.org/packages/92/11/b63ee88ffc2e04af90ced17dbe0d774f5f4e51122c13f8118e565707954e/pyqt5_sip-12.17.2-cp314-cp314-win32.whl", hash = "sha256:c617c29524fdcf826e619d77ffd0d6142622f8422adc2608ecc89edd3e605339", size = 50713, upload-time = "2025-12-06T13:19:05.851Z" },
    { url = "https://files.pythonhosted.org/packages/d0/70/efe47083dea494613fc41da55f25c07b4e73bb90c98dee8fe87afbfbc303/pyqt5_sip-12.17.2-cp314-cp314-win_amd64.whl", hash = "sha256:b008755d2222a064ec90c525fce5df3fe9d410371e47c43a21c049e07683b7fb", size = 59620, upload-time = "2025-12-06T13:19:04.829Z" },
]

[[package]]
name = "vcat"
version = "0.1.0"
source = { editable = "." }
dependencies = [
    { name = "pyobjc-framework-cocoa", version = "10.3.2", source = { registry = "https://pypi.org/simple" }, marker = "python_full_version < '3.9'" },
    { name = "pyobjc-framework-cocoa", version = "11.1", source = { registry = "https://pypi.org/simple" }, marker = "python_full_version == '3.9.*'" },
    { name = "pyobjc-framework-cocoa", version = "12.1", source = { registry = "https://pypi.org/simple" }, marker = "python_full_version >= '3.10'" },
    { name = "pyqt5" },
]

[package.metadata]
requires-dist = [
    { name = "pyobjc-framework-cocoa", specifier = ">=9.0" },
    { name = "pyqt5", specifier = ">=5.15.0" },
]

[package.metadata.requires-dev]
dev = []
